// !$*UTF8*$!
{
	archiveVersion = 1;
	classes = {
	};
	objectVersion = 50;
	objects = {

/* Begin PBXBuildFile section */
		1395D7C5D5D3E790D161085B /* Pods_IGListKitDemoTests.framework in Frameworks */ = {isa = PBXBuildFile; fileRef = E6697F4A25E8F657D1243E96 /* Pods_IGListKitDemoTests.framework */; };
		56088DBC2275FACC00F6C3E2 /* ActionCell.xib in Resources */ = {isa = PBXBuildFile; fileRef = 56088DBA2275FACC00F6C3E2 /* ActionCell.xib */; };
		56088DBD2275FACC00F6C3E2 /* ActionCell.swift in Sources */ = {isa = PBXBuildFile; fileRef = 56088DBB2275FACC00F6C3E2 /* ActionCell.swift */; };
		563DBCEF223FD03A006E4DE9 /* ActionableViewController.swift in Sources */ = {isa = PBXBuildFile; fileRef = 563DBCEE223FD03A006E4DE9 /* ActionableViewController.swift */; };
		563DBCF1223FF6E4006E4DE9 /* DemoItemSectionController.swift in Sources */ = {isa = PBXBuildFile; fileRef = 563DBCF0223FF6E4006E4DE9 /* DemoItemSectionController.swift */; };
		563DBCF3223FFA58006E4DE9 /* DashboardViewController.swift in Sources */ = {isa = PBXBuildFile; fileRef = 563DBCF2223FFA58006E4DE9 /* DashboardViewController.swift */; };
		5663D9C72254B75600DAFBD1 /* RegistrationFormTextFieldCell.swift in Sources */ = {isa = PBXBuildFile; fileRef = 5663D9C52254B75600DAFBD1 /* RegistrationFormTextFieldCell.swift */; };
		5663D9C82254B75600DAFBD1 /* RegistrationFormTextFieldCell.xib in Resources */ = {isa = PBXBuildFile; fileRef = 5663D9C62254B75600DAFBD1 /* RegistrationFormTextFieldCell.xib */; };
		5663D9CC2254B94D00DAFBD1 /* RegistrationFormTextFieldSectionModel.swift in Sources */ = {isa = PBXBuildFile; fileRef = 5663D9CB2254B94D00DAFBD1 /* RegistrationFormTextFieldSectionModel.swift */; };
		5663D9CE2254B9ED00DAFBD1 /* BaseRegistrationFormSectionController.swift in Sources */ = {isa = PBXBuildFile; fileRef = 5663D9CD2254B9ED00DAFBD1 /* BaseRegistrationFormSectionController.swift */; };
		566AB09E2253A327001027B0 /* RegistrationFoamViewController.swift in Sources */ = {isa = PBXBuildFile; fileRef = 566AB09D2253A327001027B0 /* RegistrationFoamViewController.swift */; };
		566AB0A12253A389001027B0 /* BaseRegistrationFormViewModel.swift in Sources */ = {isa = PBXBuildFile; fileRef = 566AB0A02253A389001027B0 /* BaseRegistrationFormViewModel.swift */; };
		566AB0A32253A5BE001027B0 /* RegistrationFoamVerticalSectionController.swift in Sources */ = {isa = PBXBuildFile; fileRef = 566AB0A22253A5BE001027B0 /* RegistrationFoamVerticalSectionController.swift */; };
		566AB0A52253A604001027B0 /* RegistrationFoamSectionFactory.swift in Sources */ = {isa = PBXBuildFile; fileRef = 566AB0A42253A604001027B0 /* RegistrationFoamSectionFactory.swift */; };
		566AB0A72253A71F001027B0 /* EmbeddedCollectionViewCell.swift in Sources */ = {isa = PBXBuildFile; fileRef = 566AB0A62253A71F001027B0 /* EmbeddedCollectionViewCell.swift */; };
		566AB0A92253A8D3001027B0 /* BaseRegistrationFormSectionModel.swift in Sources */ = {isa = PBXBuildFile; fileRef = 566AB0A82253A8D3001027B0 /* BaseRegistrationFormSectionModel.swift */; };
		566AB0AB2253AAF6001027B0 /* RegistrationFormContinueSectionModel.swift in Sources */ = {isa = PBXBuildFile; fileRef = 566AB0AA2253AAF6001027B0 /* RegistrationFormContinueSectionModel.swift */; };
		566AB0AE2253ACB1001027B0 /* ActionAble.swift in Sources */ = {isa = PBXBuildFile; fileRef = 566AB0AD2253ACB1001027B0 /* ActionAble.swift */; };
		566AB0B12253AD9B001027B0 /* SAContinueCell.swift in Sources */ = {isa = PBXBuildFile; fileRef = 566AB0AF2253AD9B001027B0 /* SAContinueCell.swift */; };
		566AB0B22253AD9B001027B0 /* SAContinueCell.xib in Resources */ = {isa = PBXBuildFile; fileRef = 566AB0B02253AD9B001027B0 /* SAContinueCell.xib */; };
		566AB0B42253BDA9001027B0 /* SampleRegistrationFormViewModel.swift in Sources */ = {isa = PBXBuildFile; fileRef = 566AB0B32253BDA9001027B0 /* SampleRegistrationFormViewModel.swift */; };
		566AB0B62253BE84001027B0 /* ViewControllerPreviewerTests.swift in Sources */ = {isa = PBXBuildFile; fileRef = 566AB0B52253BE84001027B0 /* ViewControllerPreviewerTests.swift */; };
		568884CD2238B6DC009A5030 /* AppDelegate.swift in Sources */ = {isa = PBXBuildFile; fileRef = 568884CC2238B6DC009A5030 /* AppDelegate.swift */; };
		568884CF2238B6DC009A5030 /* ViewController.swift in Sources */ = {isa = PBXBuildFile; fileRef = 568884CE2238B6DC009A5030 /* ViewController.swift */; };
		568884D22238B6DC009A5030 /* Main.storyboard in Resources */ = {isa = PBXBuildFile; fileRef = 568884D02238B6DC009A5030 /* Main.storyboard */; };
		568884D42238B6DD009A5030 /* Assets.xcassets in Resources */ = {isa = PBXBuildFile; fileRef = 568884D32238B6DD009A5030 /* Assets.xcassets */; };
		568884D72238B6DD009A5030 /* LaunchScreen.storyboard in Resources */ = {isa = PBXBuildFile; fileRef = 568884D52238B6DD009A5030 /* LaunchScreen.storyboard */; };
		568884E22238B6DD009A5030 /* IGListKitDemoTests.swift in Sources */ = {isa = PBXBuildFile; fileRef = 568884E12238B6DD009A5030 /* IGListKitDemoTests.swift */; };
		568884ED2238B6DD009A5030 /* IGListKitDemoUITests.swift in Sources */ = {isa = PBXBuildFile; fileRef = 568884EC2238B6DD009A5030 /* IGListKitDemoUITests.swift */; };
		568884FC2238B7DD009A5030 /* NSObject+ListDiffable.swift in Sources */ = {isa = PBXBuildFile; fileRef = 568884FB2238B7DD009A5030 /* NSObject+ListDiffable.swift */; };
		568884FE2238B837009A5030 /* ListAdapterOwner.swift in Sources */ = {isa = PBXBuildFile; fileRef = 568884FD2238B837009A5030 /* ListAdapterOwner.swift */; };
		568885002238B875009A5030 /* UIView.swift in Sources */ = {isa = PBXBuildFile; fileRef = 568884FF2238B875009A5030 /* UIView.swift */; };
		568885032238D54F009A5030 /* LabelSectionController.swift in Sources */ = {isa = PBXBuildFile; fileRef = 568885022238D54F009A5030 /* LabelSectionController.swift */; };
		5688850B2238D5F4009A5030 /* LabelCell.swift in Sources */ = {isa = PBXBuildFile; fileRef = 5688850A2238D5F4009A5030 /* LabelCell.swift */; };
		5688850E2238D97F009A5030 /* XCTestCase.swift in Sources */ = {isa = PBXBuildFile; fileRef = 5688850D2238D97F009A5030 /* XCTestCase.swift */; };
		568885102238DA45009A5030 /* TitleValueSectionController.swift in Sources */ = {isa = PBXBuildFile; fileRef = 5688850F2238DA45009A5030 /* TitleValueSectionController.swift */; };
		568885132238DA58009A5030 /* TitleValueCell.swift in Sources */ = {isa = PBXBuildFile; fileRef = 568885112238DA57009A5030 /* TitleValueCell.swift */; };
		568885142238DA58009A5030 /* TitleValueCell.xib in Resources */ = {isa = PBXBuildFile; fileRef = 568885122238DA57009A5030 /* TitleValueCell.xib */; };
		568885172238DA7E009A5030 /* PairedTitleValueCell.swift in Sources */ = {isa = PBXBuildFile; fileRef = 568885152238DA7E009A5030 /* PairedTitleValueCell.swift */; };
		568885182238DA7E009A5030 /* PairedTitleValueCell.xib in Resources */ = {isa = PBXBuildFile; fileRef = 568885162238DA7E009A5030 /* PairedTitleValueCell.xib */; };
		5688851A2238DAD2009A5030 /* ListSectionControler.swift in Sources */ = {isa = PBXBuildFile; fileRef = 568885192238DAD2009A5030 /* ListSectionControler.swift */; };
		5688851C2238DC26009A5030 /* String.swift in Sources */ = {isa = PBXBuildFile; fileRef = 5688851B2238DC26009A5030 /* String.swift */; };
		5688851E2238DCF7009A5030 /* PaddingLabel.swift in Sources */ = {isa = PBXBuildFile; fileRef = 5688851D2238DCF7009A5030 /* PaddingLabel.swift */; };
		56C0332622681D4500F6483B /* User.swift in Sources */ = {isa = PBXBuildFile; fileRef = 56C0332522681D4500F6483B /* User.swift */; };
		56C03329226827D200F6483B /* RegistrationFormTextFieldSectionModelTests.swift in Sources */ = {isa = PBXBuildFile; fileRef = 56C03328226827D200F6483B /* RegistrationFormTextFieldSectionModelTests.swift */; };
		56E2CE0E2275FB0700142CE7 /* ActionLabelSectionController.swift in Sources */ = {isa = PBXBuildFile; fileRef = 56E2CE0D2275FB0700142CE7 /* ActionLabelSectionController.swift */; };
		56F0281D22703F9800137037 /* EmptyCell.xib in Resources */ = {isa = PBXBuildFile; fileRef = 56F0281B22703F9700137037 /* EmptyCell.xib */; };
		56F0281E22703F9800137037 /* EmptyCell.swift in Sources */ = {isa = PBXBuildFile; fileRef = 56F0281C22703F9700137037 /* EmptyCell.swift */; };
		56F0282022703FB800137037 /* EmptySectionController.swift in Sources */ = {isa = PBXBuildFile; fileRef = 56F0281F22703FB800137037 /* EmptySectionController.swift */; };
		719105E13FFB4068C32DB983 /* Pods_IGListKitDemo.framework in Frameworks */ = {isa = PBXBuildFile; fileRef = EE2ECCECBD4D27FE09489F7A /* Pods_IGListKitDemo.framework */; };
		9CA15EF93B797A63E27B78F0 /* Pods_IGListKitDemoUITests.framework in Frameworks */ = {isa = PBXBuildFile; fileRef = 5FA001676BD2504B1BA1AC1F /* Pods_IGListKitDemoUITests.framework */; };
/* End PBXBuildFile section */

/* Begin PBXContainerItemProxy section */
		568884DE2238B6DD009A5030 /* PBXContainerItemProxy */ = {
			isa = PBXContainerItemProxy;
			containerPortal = 568884C12238B6DC009A5030 /* Project object */;
			proxyType = 1;
			remoteGlobalIDString = 568884C82238B6DC009A5030;
			remoteInfo = IGListKitDemo;
		};
		568884E92238B6DD009A5030 /* PBXContainerItemProxy */ = {
			isa = PBXContainerItemProxy;
			containerPortal = 568884C12238B6DC009A5030 /* Project object */;
			proxyType = 1;
			remoteGlobalIDString = 568884C82238B6DC009A5030;
			remoteInfo = IGListKitDemo;
		};
/* End PBXContainerItemProxy section */

/* Begin PBXFileReference section */
		016EF33FA79D64737938C75D /* Pods-IGListKitDemoUITests.release.xcconfig */ = {isa = PBXFileReference; includeInIndex = 1; lastKnownFileType = text.xcconfig; name = "Pods-IGListKitDemoUITests.release.xcconfig"; path = "Target Support Files/Pods-IGListKitDemoUITests/Pods-IGListKitDemoUITests.release.xcconfig"; sourceTree = "<group>"; };
		378F25D2F853EA0AC337903F /* Pods-IGListKitDemo.release.xcconfig */ = {isa = PBXFileReference; includeInIndex = 1; lastKnownFileType = text.xcconfig; name = "Pods-IGListKitDemo.release.xcconfig"; path = "Target Support Files/Pods-IGListKitDemo/Pods-IGListKitDemo.release.xcconfig"; sourceTree = "<group>"; };
		38DC60ECA0D3DB324733C06D /* Pods-IGListKitDemo.debug.xcconfig */ = {isa = PBXFileReference; includeInIndex = 1; lastKnownFileType = text.xcconfig; name = "Pods-IGListKitDemo.debug.xcconfig"; path = "Target Support Files/Pods-IGListKitDemo/Pods-IGListKitDemo.debug.xcconfig"; sourceTree = "<group>"; };
		56088DBA2275FACC00F6C3E2 /* ActionCell.xib */ = {isa = PBXFileReference; fileEncoding = 4; lastKnownFileType = file.xib; path = ActionCell.xib; sourceTree = "<group>"; };
		56088DBB2275FACC00F6C3E2 /* ActionCell.swift */ = {isa = PBXFileReference; fileEncoding = 4; lastKnownFileType = sourcecode.swift; path = ActionCell.swift; sourceTree = "<group>"; };
		563DBCEE223FD03A006E4DE9 /* ActionableViewController.swift */ = {isa = PBXFileReference; lastKnownFileType = sourcecode.swift; path = ActionableViewController.swift; sourceTree = "<group>"; };
		563DBCF0223FF6E4006E4DE9 /* DemoItemSectionController.swift */ = {isa = PBXFileReference; lastKnownFileType = sourcecode.swift; path = DemoItemSectionController.swift; sourceTree = "<group>"; };
		563DBCF2223FFA58006E4DE9 /* DashboardViewController.swift */ = {isa = PBXFileReference; lastKnownFileType = sourcecode.swift; path = DashboardViewController.swift; sourceTree = "<group>"; };
		5663D9C52254B75600DAFBD1 /* RegistrationFormTextFieldCell.swift */ = {isa = PBXFileReference; lastKnownFileType = sourcecode.swift; path = RegistrationFormTextFieldCell.swift; sourceTree = "<group>"; };
		5663D9C62254B75600DAFBD1 /* RegistrationFormTextFieldCell.xib */ = {isa = PBXFileReference; lastKnownFileType = file.xib; path = RegistrationFormTextFieldCell.xib; sourceTree = "<group>"; };
		5663D9CB2254B94D00DAFBD1 /* RegistrationFormTextFieldSectionModel.swift */ = {isa = PBXFileReference; lastKnownFileType = sourcecode.swift; path = RegistrationFormTextFieldSectionModel.swift; sourceTree = "<group>"; };
		5663D9CD2254B9ED00DAFBD1 /* BaseRegistrationFormSectionController.swift */ = {isa = PBXFileReference; lastKnownFileType = sourcecode.swift; path = BaseRegistrationFormSectionController.swift; sourceTree = "<group>"; };
		566AB09D2253A327001027B0 /* RegistrationFoamViewController.swift */ = {isa = PBXFileReference; lastKnownFileType = sourcecode.swift; path = RegistrationFoamViewController.swift; sourceTree = "<group>"; };
		566AB0A02253A389001027B0 /* BaseRegistrationFormViewModel.swift */ = {isa = PBXFileReference; lastKnownFileType = sourcecode.swift; path = BaseRegistrationFormViewModel.swift; sourceTree = "<group>"; };
		566AB0A22253A5BE001027B0 /* RegistrationFoamVerticalSectionController.swift */ = {isa = PBXFileReference; lastKnownFileType = sourcecode.swift; path = RegistrationFoamVerticalSectionController.swift; sourceTree = "<group>"; };
		566AB0A42253A604001027B0 /* RegistrationFoamSectionFactory.swift */ = {isa = PBXFileReference; lastKnownFileType = sourcecode.swift; path = RegistrationFoamSectionFactory.swift; sourceTree = "<group>"; };
		566AB0A62253A71F001027B0 /* EmbeddedCollectionViewCell.swift */ = {isa = PBXFileReference; lastKnownFileType = sourcecode.swift; path = EmbeddedCollectionViewCell.swift; sourceTree = "<group>"; };
		566AB0A82253A8D3001027B0 /* BaseRegistrationFormSectionModel.swift */ = {isa = PBXFileReference; lastKnownFileType = sourcecode.swift; path = BaseRegistrationFormSectionModel.swift; sourceTree = "<group>"; };
		566AB0AA2253AAF6001027B0 /* RegistrationFormContinueSectionModel.swift */ = {isa = PBXFileReference; lastKnownFileType = sourcecode.swift; path = RegistrationFormContinueSectionModel.swift; sourceTree = "<group>"; };
		566AB0AD2253ACB1001027B0 /* ActionAble.swift */ = {isa = PBXFileReference; lastKnownFileType = sourcecode.swift; path = ActionAble.swift; sourceTree = "<group>"; };
		566AB0AF2253AD9B001027B0 /* SAContinueCell.swift */ = {isa = PBXFileReference; fileEncoding = 4; lastKnownFileType = sourcecode.swift; path = SAContinueCell.swift; sourceTree = "<group>"; };
		566AB0B02253AD9B001027B0 /* SAContinueCell.xib */ = {isa = PBXFileReference; fileEncoding = 4; lastKnownFileType = file.xib; path = SAContinueCell.xib; sourceTree = "<group>"; };
		566AB0B32253BDA9001027B0 /* SampleRegistrationFormViewModel.swift */ = {isa = PBXFileReference; lastKnownFileType = sourcecode.swift; path = SampleRegistrationFormViewModel.swift; sourceTree = "<group>"; };
		566AB0B52253BE84001027B0 /* ViewControllerPreviewerTests.swift */ = {isa = PBXFileReference; lastKnownFileType = sourcecode.swift; path = ViewControllerPreviewerTests.swift; sourceTree = "<group>"; };
		568884C92238B6DC009A5030 /* IGListKitDemo.app */ = {isa = PBXFileReference; explicitFileType = wrapper.application; includeInIndex = 0; path = IGListKitDemo.app; sourceTree = BUILT_PRODUCTS_DIR; };
		568884CC2238B6DC009A5030 /* AppDelegate.swift */ = {isa = PBXFileReference; lastKnownFileType = sourcecode.swift; path = AppDelegate.swift; sourceTree = "<group>"; };
		568884CE2238B6DC009A5030 /* ViewController.swift */ = {isa = PBXFileReference; lastKnownFileType = sourcecode.swift; path = ViewController.swift; sourceTree = "<group>"; };
		568884D12238B6DC009A5030 /* Base */ = {isa = PBXFileReference; lastKnownFileType = file.storyboard; name = Base; path = Base.lproj/Main.storyboard; sourceTree = "<group>"; };
		568884D32238B6DD009A5030 /* Assets.xcassets */ = {isa = PBXFileReference; lastKnownFileType = folder.assetcatalog; path = Assets.xcassets; sourceTree = "<group>"; };
		568884D62238B6DD009A5030 /* Base */ = {isa = PBXFileReference; lastKnownFileType = file.storyboard; name = Base; path = Base.lproj/LaunchScreen.storyboard; sourceTree = "<group>"; };
		568884D82238B6DD009A5030 /* Info.plist */ = {isa = PBXFileReference; lastKnownFileType = text.plist.xml; path = Info.plist; sourceTree = "<group>"; };
		568884DD2238B6DD009A5030 /* IGListKitDemoTests.xctest */ = {isa = PBXFileReference; explicitFileType = wrapper.cfbundle; includeInIndex = 0; path = IGListKitDemoTests.xctest; sourceTree = BUILT_PRODUCTS_DIR; };
		568884E12238B6DD009A5030 /* IGListKitDemoTests.swift */ = {isa = PBXFileReference; lastKnownFileType = sourcecode.swift; path = IGListKitDemoTests.swift; sourceTree = "<group>"; };
		568884E32238B6DD009A5030 /* Info.plist */ = {isa = PBXFileReference; lastKnownFileType = text.plist.xml; path = Info.plist; sourceTree = "<group>"; };
		568884E82238B6DD009A5030 /* IGListKitDemoUITests.xctest */ = {isa = PBXFileReference; explicitFileType = wrapper.cfbundle; includeInIndex = 0; path = IGListKitDemoUITests.xctest; sourceTree = BUILT_PRODUCTS_DIR; };
		568884EC2238B6DD009A5030 /* IGListKitDemoUITests.swift */ = {isa = PBXFileReference; lastKnownFileType = sourcecode.swift; path = IGListKitDemoUITests.swift; sourceTree = "<group>"; };
		568884EE2238B6DD009A5030 /* Info.plist */ = {isa = PBXFileReference; lastKnownFileType = text.plist.xml; path = Info.plist; sourceTree = "<group>"; };
		568884FB2238B7DD009A5030 /* NSObject+ListDiffable.swift */ = {isa = PBXFileReference; lastKnownFileType = sourcecode.swift; path = "NSObject+ListDiffable.swift"; sourceTree = "<group>"; };
		568884FD2238B837009A5030 /* ListAdapterOwner.swift */ = {isa = PBXFileReference; lastKnownFileType = sourcecode.swift; path = ListAdapterOwner.swift; sourceTree = "<group>"; };
		568884FF2238B875009A5030 /* UIView.swift */ = {isa = PBXFileReference; lastKnownFileType = sourcecode.swift; path = UIView.swift; sourceTree = "<group>"; };
		568885022238D54F009A5030 /* LabelSectionController.swift */ = {isa = PBXFileReference; lastKnownFileType = sourcecode.swift; path = LabelSectionController.swift; sourceTree = "<group>"; };
		5688850A2238D5F4009A5030 /* LabelCell.swift */ = {isa = PBXFileReference; fileEncoding = 4; lastKnownFileType = sourcecode.swift; path = LabelCell.swift; sourceTree = "<group>"; };
		5688850D2238D97F009A5030 /* XCTestCase.swift */ = {isa = PBXFileReference; fileEncoding = 4; lastKnownFileType = sourcecode.swift; path = XCTestCase.swift; sourceTree = "<group>"; };
		5688850F2238DA45009A5030 /* TitleValueSectionController.swift */ = {isa = PBXFileReference; fileEncoding = 4; lastKnownFileType = sourcecode.swift; path = TitleValueSectionController.swift; sourceTree = "<group>"; };
		568885112238DA57009A5030 /* TitleValueCell.swift */ = {isa = PBXFileReference; fileEncoding = 4; lastKnownFileType = sourcecode.swift; path = TitleValueCell.swift; sourceTree = "<group>"; };
		568885122238DA57009A5030 /* TitleValueCell.xib */ = {isa = PBXFileReference; fileEncoding = 4; lastKnownFileType = file.xib; path = TitleValueCell.xib; sourceTree = "<group>"; };
		568885152238DA7E009A5030 /* PairedTitleValueCell.swift */ = {isa = PBXFileReference; fileEncoding = 4; lastKnownFileType = sourcecode.swift; path = PairedTitleValueCell.swift; sourceTree = "<group>"; };
		568885162238DA7E009A5030 /* PairedTitleValueCell.xib */ = {isa = PBXFileReference; fileEncoding = 4; lastKnownFileType = file.xib; path = PairedTitleValueCell.xib; sourceTree = "<group>"; };
		568885192238DAD2009A5030 /* ListSectionControler.swift */ = {isa = PBXFileReference; lastKnownFileType = sourcecode.swift; path = ListSectionControler.swift; sourceTree = "<group>"; };
		5688851B2238DC26009A5030 /* String.swift */ = {isa = PBXFileReference; lastKnownFileType = sourcecode.swift; path = String.swift; sourceTree = "<group>"; };
		5688851D2238DCF7009A5030 /* PaddingLabel.swift */ = {isa = PBXFileReference; fileEncoding = 4; lastKnownFileType = sourcecode.swift; path = PaddingLabel.swift; sourceTree = "<group>"; };
		56C0332522681D4500F6483B /* User.swift */ = {isa = PBXFileReference; lastKnownFileType = sourcecode.swift; path = User.swift; sourceTree = "<group>"; };
		56C03328226827D200F6483B /* RegistrationFormTextFieldSectionModelTests.swift */ = {isa = PBXFileReference; lastKnownFileType = sourcecode.swift; path = RegistrationFormTextFieldSectionModelTests.swift; sourceTree = "<group>"; };
		56E2CE0D2275FB0700142CE7 /* ActionLabelSectionController.swift */ = {isa = PBXFileReference; lastKnownFileType = sourcecode.swift; path = ActionLabelSectionController.swift; sourceTree = "<group>"; };
		56F0281B22703F9700137037 /* EmptyCell.xib */ = {isa = PBXFileReference; fileEncoding = 4; lastKnownFileType = file.xib; path = EmptyCell.xib; sourceTree = "<group>"; };
		56F0281C22703F9700137037 /* EmptyCell.swift */ = {isa = PBXFileReference; fileEncoding = 4; lastKnownFileType = sourcecode.swift; path = EmptyCell.swift; sourceTree = "<group>"; };
		56F0281F22703FB800137037 /* EmptySectionController.swift */ = {isa = PBXFileReference; lastKnownFileType = sourcecode.swift; path = EmptySectionController.swift; sourceTree = "<group>"; };
		5B4E1FDBF8EAF75668050561 /* Pods-IGListKitDemoTests.debug.xcconfig */ = {isa = PBXFileReference; includeInIndex = 1; lastKnownFileType = text.xcconfig; name = "Pods-IGListKitDemoTests.debug.xcconfig"; path = "Target Support Files/Pods-IGListKitDemoTests/Pods-IGListKitDemoTests.debug.xcconfig"; sourceTree = "<group>"; };
		5FA001676BD2504B1BA1AC1F /* Pods_IGListKitDemoUITests.framework */ = {isa = PBXFileReference; explicitFileType = wrapper.framework; includeInIndex = 0; path = Pods_IGListKitDemoUITests.framework; sourceTree = BUILT_PRODUCTS_DIR; };
		681793764E63C1A049751CC8 /* Pods-IGListKitDemoTests.release.xcconfig */ = {isa = PBXFileReference; includeInIndex = 1; lastKnownFileType = text.xcconfig; name = "Pods-IGListKitDemoTests.release.xcconfig"; path = "Target Support Files/Pods-IGListKitDemoTests/Pods-IGListKitDemoTests.release.xcconfig"; sourceTree = "<group>"; };
		6DF72A7EA48C9B5A967B4D27 /* Pods-IGListKitDemoUITests.debug.xcconfig */ = {isa = PBXFileReference; includeInIndex = 1; lastKnownFileType = text.xcconfig; name = "Pods-IGListKitDemoUITests.debug.xcconfig"; path = "Target Support Files/Pods-IGListKitDemoUITests/Pods-IGListKitDemoUITests.debug.xcconfig"; sourceTree = "<group>"; };
		E6697F4A25E8F657D1243E96 /* Pods_IGListKitDemoTests.framework */ = {isa = PBXFileReference; explicitFileType = wrapper.framework; includeInIndex = 0; path = Pods_IGListKitDemoTests.framework; sourceTree = BUILT_PRODUCTS_DIR; };
		EE2ECCECBD4D27FE09489F7A /* Pods_IGListKitDemo.framework */ = {isa = PBXFileReference; explicitFileType = wrapper.framework; includeInIndex = 0; path = Pods_IGListKitDemo.framework; sourceTree = BUILT_PRODUCTS_DIR; };
/* End PBXFileReference section */

/* Begin PBXFrameworksBuildPhase section */
		568884C62238B6DC009A5030 /* Frameworks */ = {
			isa = PBXFrameworksBuildPhase;
			buildActionMask = 2147483647;
			files = (
				719105E13FFB4068C32DB983 /* Pods_IGListKitDemo.framework in Frameworks */,
			);
			runOnlyForDeploymentPostprocessing = 0;
		};
		568884DA2238B6DD009A5030 /* Frameworks */ = {
			isa = PBXFrameworksBuildPhase;
			buildActionMask = 2147483647;
			files = (
				1395D7C5D5D3E790D161085B /* Pods_IGListKitDemoTests.framework in Frameworks */,
			);
			runOnlyForDeploymentPostprocessing = 0;
		};
		568884E52238B6DD009A5030 /* Frameworks */ = {
			isa = PBXFrameworksBuildPhase;
			buildActionMask = 2147483647;
			files = (
				9CA15EF93B797A63E27B78F0 /* Pods_IGListKitDemoUITests.framework in Frameworks */,
			);
			runOnlyForDeploymentPostprocessing = 0;
		};
/* End PBXFrameworksBuildPhase section */

/* Begin PBXGroup section */
		2A23DF9460D7B112E90BCD85 /* Frameworks */ = {
			isa = PBXGroup;
			children = (
				EE2ECCECBD4D27FE09489F7A /* Pods_IGListKitDemo.framework */,
				E6697F4A25E8F657D1243E96 /* Pods_IGListKitDemoTests.framework */,
				5FA001676BD2504B1BA1AC1F /* Pods_IGListKitDemoUITests.framework */,
			);
			name = Frameworks;
			sourceTree = "<group>";
		};
		566AB09B2253A272001027B0 /* Views */ = {
			isa = PBXGroup;
			children = (
				566AB09C2253A285001027B0 /* ViewControllers */,
				568885042238D575009A5030 /* Cells */,
			);
			path = Views;
			sourceTree = "<group>";
		};
		566AB09C2253A285001027B0 /* ViewControllers */ = {
			isa = PBXGroup;
			children = (
				568884CE2238B6DC009A5030 /* ViewController.swift */,
				566AB09D2253A327001027B0 /* RegistrationFoamViewController.swift */,
			);
			path = ViewControllers;
			sourceTree = "<group>";
		};
		566AB09F2253A365001027B0 /* ViewModels */ = {
			isa = PBXGroup;
			children = (
				566AB0A02253A389001027B0 /* BaseRegistrationFormViewModel.swift */,
				566AB0B32253BDA9001027B0 /* SampleRegistrationFormViewModel.swift */,
			);
			path = ViewModels;
			sourceTree = "<group>";
		};
		566AB0AC2253AC97001027B0 /* Actionables */ = {
			isa = PBXGroup;
			children = (
				563DBCEE223FD03A006E4DE9 /* ActionableViewController.swift */,
				566AB0AD2253ACB1001027B0 /* ActionAble.swift */,
			);
			path = Actionables;
			sourceTree = "<group>";
		};
		568884C02238B6DC009A5030 = {
			isa = PBXGroup;
			children = (
				568884CB2238B6DC009A5030 /* IGListKitDemo */,
				568884E02238B6DD009A5030 /* IGListKitDemoTests */,
				568884EB2238B6DD009A5030 /* IGListKitDemoUITests */,
				568884CA2238B6DC009A5030 /* Products */,
				676380B631599EC6DA766763 /* Pods */,
				2A23DF9460D7B112E90BCD85 /* Frameworks */,
			);
			sourceTree = "<group>";
		};
		568884CA2238B6DC009A5030 /* Products */ = {
			isa = PBXGroup;
			children = (
				568884C92238B6DC009A5030 /* IGListKitDemo.app */,
				568884DD2238B6DD009A5030 /* IGListKitDemoTests.xctest */,
				568884E82238B6DD009A5030 /* IGListKitDemoUITests.xctest */,
			);
			name = Products;
			sourceTree = "<group>";
		};
		568884CB2238B6DC009A5030 /* IGListKitDemo */ = {
			isa = PBXGroup;
			children = (
				56C0332422681D3400F6483B /* Models */,
				566AB0AC2253AC97001027B0 /* Actionables */,
				566AB09F2253A365001027B0 /* ViewModels */,
				568885012238D538009A5030 /* SectionControllers */,
				566AB09B2253A272001027B0 /* Views */,
				5688851D2238DCF7009A5030 /* PaddingLabel.swift */,
				568885092238D5A2009A5030 /* Styles */,
				568884FA2238B7C7009A5030 /* Extensions */,
				568884CC2238B6DC009A5030 /* AppDelegate.swift */,
				568884D02238B6DC009A5030 /* Main.storyboard */,
				568884D32238B6DD009A5030 /* Assets.xcassets */,
				568884D52238B6DD009A5030 /* LaunchScreen.storyboard */,
				568884D82238B6DD009A5030 /* Info.plist */,
				568884FD2238B837009A5030 /* ListAdapterOwner.swift */,
				563DBCF2223FFA58006E4DE9 /* DashboardViewController.swift */,
			);
			path = IGListKitDemo;
			sourceTree = "<group>";
		};
		568884E02238B6DD009A5030 /* IGListKitDemoTests */ = {
			isa = PBXGroup;
			children = (
				56C03327226827B900F6483B /* Models */,
				5688850C2238D966009A5030 /* Extensions */,
				568884E12238B6DD009A5030 /* IGListKitDemoTests.swift */,
				568884E32238B6DD009A5030 /* Info.plist */,
				566AB0B52253BE84001027B0 /* ViewControllerPreviewerTests.swift */,
			);
			path = IGListKitDemoTests;
			sourceTree = "<group>";
		};
		568884EB2238B6DD009A5030 /* IGListKitDemoUITests */ = {
			isa = PBXGroup;
			children = (
				568884EC2238B6DD009A5030 /* IGListKitDemoUITests.swift */,
				568884EE2238B6DD009A5030 /* Info.plist */,
			);
			path = IGListKitDemoUITests;
			sourceTree = "<group>";
		};
		568884FA2238B7C7009A5030 /* Extensions */ = {
			isa = PBXGroup;
			children = (
				568884FB2238B7DD009A5030 /* NSObject+ListDiffable.swift */,
				568884FF2238B875009A5030 /* UIView.swift */,
				568885192238DAD2009A5030 /* ListSectionControler.swift */,
				5688851B2238DC26009A5030 /* String.swift */,
			);
			path = Extensions;
			sourceTree = "<group>";
		};
		568885012238D538009A5030 /* SectionControllers */ = {
			isa = PBXGroup;
			children = (
				5688850F2238DA45009A5030 /* TitleValueSectionController.swift */,
				568885022238D54F009A5030 /* LabelSectionController.swift */,
				563DBCF0223FF6E4006E4DE9 /* DemoItemSectionController.swift */,
				566AB0A22253A5BE001027B0 /* RegistrationFoamVerticalSectionController.swift */,
				566AB0A42253A604001027B0 /* RegistrationFoamSectionFactory.swift */,
				566AB0A82253A8D3001027B0 /* BaseRegistrationFormSectionModel.swift */,
				566AB0AA2253AAF6001027B0 /* RegistrationFormContinueSectionModel.swift */,
				5663D9CB2254B94D00DAFBD1 /* RegistrationFormTextFieldSectionModel.swift */,
				5663D9CD2254B9ED00DAFBD1 /* BaseRegistrationFormSectionController.swift */,
				56F0281F22703FB800137037 /* EmptySectionController.swift */,
				56E2CE0D2275FB0700142CE7 /* ActionLabelSectionController.swift */,
			);
			path = SectionControllers;
			sourceTree = "<group>";
		};
		568885042238D575009A5030 /* Cells */ = {
			isa = PBXGroup;
			children = (
				56088DBB2275FACC00F6C3E2 /* ActionCell.swift */,
				56088DBA2275FACC00F6C3E2 /* ActionCell.xib */,
				56F0281C22703F9700137037 /* EmptyCell.swift */,
				56F0281B22703F9700137037 /* EmptyCell.xib */,
				566AB0AF2253AD9B001027B0 /* SAContinueCell.swift */,
				566AB0B02253AD9B001027B0 /* SAContinueCell.xib */,
				568885152238DA7E009A5030 /* PairedTitleValueCell.swift */,
				568885162238DA7E009A5030 /* PairedTitleValueCell.xib */,
				568885112238DA57009A5030 /* TitleValueCell.swift */,
				568885122238DA57009A5030 /* TitleValueCell.xib */,
				5688850A2238D5F4009A5030 /* LabelCell.swift */,
				566AB0A62253A71F001027B0 /* EmbeddedCollectionViewCell.swift */,
				5663D9C52254B75600DAFBD1 /* RegistrationFormTextFieldCell.swift */,
				5663D9C62254B75600DAFBD1 /* RegistrationFormTextFieldCell.xib */,
			);
			path = Cells;
			sourceTree = "<group>";
		};
		568885092238D5A2009A5030 /* Styles */ = {
			isa = PBXGroup;
			children = (
			);
			path = Styles;
			sourceTree = "<group>";
		};
		5688850C2238D966009A5030 /* Extensions */ = {
			isa = PBXGroup;
			children = (
				5688850D2238D97F009A5030 /* XCTestCase.swift */,
			);
			path = Extensions;
			sourceTree = "<group>";
		};
		56C0332422681D3400F6483B /* Models */ = {
			isa = PBXGroup;
			children = (
				56C0332522681D4500F6483B /* User.swift */,
			);
			path = Models;
			sourceTree = "<group>";
		};
		56C03327226827B900F6483B /* Models */ = {
			isa = PBXGroup;
			children = (
				56C03328226827D200F6483B /* RegistrationFormTextFieldSectionModelTests.swift */,
			);
			path = Models;
			sourceTree = "<group>";
		};
		676380B631599EC6DA766763 /* Pods */ = {
			isa = PBXGroup;
			children = (
				38DC60ECA0D3DB324733C06D /* Pods-IGListKitDemo.debug.xcconfig */,
				378F25D2F853EA0AC337903F /* Pods-IGListKitDemo.release.xcconfig */,
				5B4E1FDBF8EAF75668050561 /* Pods-IGListKitDemoTests.debug.xcconfig */,
				681793764E63C1A049751CC8 /* Pods-IGListKitDemoTests.release.xcconfig */,
				6DF72A7EA48C9B5A967B4D27 /* Pods-IGListKitDemoUITests.debug.xcconfig */,
				016EF33FA79D64737938C75D /* Pods-IGListKitDemoUITests.release.xcconfig */,
			);
			path = Pods;
			sourceTree = "<group>";
		};
/* End PBXGroup section */

/* Begin PBXNativeTarget section */
		568884C82238B6DC009A5030 /* IGListKitDemo */ = {
			isa = PBXNativeTarget;
			buildConfigurationList = 568884F12238B6DD009A5030 /* Build configuration list for PBXNativeTarget "IGListKitDemo" */;
			buildPhases = (
				E08571AD65601DBC112C9010 /* [CP] Check Pods Manifest.lock */,
				568884C52238B6DC009A5030 /* Sources */,
				568884C62238B6DC009A5030 /* Frameworks */,
				568884C72238B6DC009A5030 /* Resources */,
				7FE5AED028BE529B661D3457 /* [CP] Embed Pods Frameworks */,
			);
			buildRules = (
			);
			dependencies = (
			);
			name = IGListKitDemo;
			productName = IGListKitDemo;
			productReference = 568884C92238B6DC009A5030 /* IGListKitDemo.app */;
			productType = "com.apple.product-type.application";
		};
		568884DC2238B6DD009A5030 /* IGListKitDemoTests */ = {
			isa = PBXNativeTarget;
			buildConfigurationList = 568884F42238B6DD009A5030 /* Build configuration list for PBXNativeTarget "IGListKitDemoTests" */;
			buildPhases = (
				AF534D67F8BDA63A7184FB0B /* [CP] Check Pods Manifest.lock */,
				568884D92238B6DD009A5030 /* Sources */,
				568884DA2238B6DD009A5030 /* Frameworks */,
				568884DB2238B6DD009A5030 /* Resources */,
			);
			buildRules = (
			);
			dependencies = (
				568884DF2238B6DD009A5030 /* PBXTargetDependency */,
			);
			name = IGListKitDemoTests;
			productName = IGListKitDemoTests;
			productReference = 568884DD2238B6DD009A5030 /* IGListKitDemoTests.xctest */;
			productType = "com.apple.product-type.bundle.unit-test";
		};
		568884E72238B6DD009A5030 /* IGListKitDemoUITests */ = {
			isa = PBXNativeTarget;
			buildConfigurationList = 568884F72238B6DD009A5030 /* Build configuration list for PBXNativeTarget "IGListKitDemoUITests" */;
			buildPhases = (
				DF96F53C744C901DFD458E39 /* [CP] Check Pods Manifest.lock */,
				568884E42238B6DD009A5030 /* Sources */,
				568884E52238B6DD009A5030 /* Frameworks */,
				568884E62238B6DD009A5030 /* Resources */,
			);
			buildRules = (
			);
			dependencies = (
				568884EA2238B6DD009A5030 /* PBXTargetDependency */,
			);
			name = IGListKitDemoUITests;
			productName = IGListKitDemoUITests;
			productReference = 568884E82238B6DD009A5030 /* IGListKitDemoUITests.xctest */;
			productType = "com.apple.product-type.bundle.ui-testing";
		};
/* End PBXNativeTarget section */

/* Begin PBXProject section */
		568884C12238B6DC009A5030 /* Project object */ = {
			isa = PBXProject;
			attributes = {
				LastSwiftUpdateCheck = 1010;
				LastUpgradeCheck = 1010;
				ORGANIZATIONNAME = "steven lee";
				TargetAttributes = {
					568884C82238B6DC009A5030 = {
						CreatedOnToolsVersion = 10.1;
						LastSwiftMigration = 1020;
					};
					568884DC2238B6DD009A5030 = {
						CreatedOnToolsVersion = 10.1;
						LastSwiftMigration = 1020;
						TestTargetID = 568884C82238B6DC009A5030;
					};
					568884E72238B6DD009A5030 = {
						CreatedOnToolsVersion = 10.1;
						LastSwiftMigration = 1020;
						TestTargetID = 568884C82238B6DC009A5030;
					};
				};
			};
			buildConfigurationList = 568884C42238B6DC009A5030 /* Build configuration list for PBXProject "IGListKitDemo" */;
			compatibilityVersion = "Xcode 9.3";
			developmentRegion = en;
			hasScannedForEncodings = 0;
			knownRegions = (
				en,
				Base,
			);
			mainGroup = 568884C02238B6DC009A5030;
			productRefGroup = 568884CA2238B6DC009A5030 /* Products */;
			projectDirPath = "";
			projectRoot = "";
			targets = (
				568884C82238B6DC009A5030 /* IGListKitDemo */,
				568884DC2238B6DD009A5030 /* IGListKitDemoTests */,
				568884E72238B6DD009A5030 /* IGListKitDemoUITests */,
			);
		};
/* End PBXProject section */

/* Begin PBXResourcesBuildPhase section */
		568884C72238B6DC009A5030 /* Resources */ = {
			isa = PBXResourcesBuildPhase;
			buildActionMask = 2147483647;
			files = (
				566AB0B22253AD9B001027B0 /* SAContinueCell.xib in Resources */,
				568884D72238B6DD009A5030 /* LaunchScreen.storyboard in Resources */,
				568884D42238B6DD009A5030 /* Assets.xcassets in Resources */,
				568885142238DA58009A5030 /* TitleValueCell.xib in Resources */,
				568884D22238B6DC009A5030 /* Main.storyboard in Resources */,
				56F0281D22703F9800137037 /* EmptyCell.xib in Resources */,
				568885182238DA7E009A5030 /* PairedTitleValueCell.xib in Resources */,
				5663D9C82254B75600DAFBD1 /* RegistrationFormTextFieldCell.xib in Resources */,
				56088DBC2275FACC00F6C3E2 /* ActionCell.xib in Resources */,
			);
			runOnlyForDeploymentPostprocessing = 0;
		};
		568884DB2238B6DD009A5030 /* Resources */ = {
			isa = PBXResourcesBuildPhase;
			buildActionMask = 2147483647;
			files = (
			);
			runOnlyForDeploymentPostprocessing = 0;
		};
		568884E62238B6DD009A5030 /* Resources */ = {
			isa = PBXResourcesBuildPhase;
			buildActionMask = 2147483647;
			files = (
			);
			runOnlyForDeploymentPostprocessing = 0;
		};
/* End PBXResourcesBuildPhase section */

/* Begin PBXShellScriptBuildPhase section */
		7FE5AED028BE529B661D3457 /* [CP] Embed Pods Frameworks */ = {
			isa = PBXShellScriptBuildPhase;
			buildActionMask = 2147483647;
			files = (
			);
			inputFileListPaths = (
			);
			inputPaths = (
				"${PODS_ROOT}/Target Support Files/Pods-IGListKitDemo/Pods-IGListKitDemo-frameworks.sh",
				"${BUILT_PRODUCTS_DIR}/IGListKit/IGListKit.framework",
			);
			name = "[CP] Embed Pods Frameworks";
			outputFileListPaths = (
			);
			outputPaths = (
				"${TARGET_BUILD_DIR}/${FRAMEWORKS_FOLDER_PATH}/IGListKit.framework",
			);
			runOnlyForDeploymentPostprocessing = 0;
			shellPath = /bin/sh;
			shellScript = "\"${PODS_ROOT}/Target Support Files/Pods-IGListKitDemo/Pods-IGListKitDemo-frameworks.sh\"\n";
			showEnvVarsInLog = 0;
		};
		AF534D67F8BDA63A7184FB0B /* [CP] Check Pods Manifest.lock */ = {
			isa = PBXShellScriptBuildPhase;
			buildActionMask = 2147483647;
			files = (
			);
			inputFileListPaths = (
			);
			inputPaths = (
				"${PODS_PODFILE_DIR_PATH}/Podfile.lock",
				"${PODS_ROOT}/Manifest.lock",
			);
			name = "[CP] Check Pods Manifest.lock";
			outputFileListPaths = (
			);
			outputPaths = (
				"$(DERIVED_FILE_DIR)/Pods-IGListKitDemoTests-checkManifestLockResult.txt",
			);
			runOnlyForDeploymentPostprocessing = 0;
			shellPath = /bin/sh;
			shellScript = "diff \"${PODS_PODFILE_DIR_PATH}/Podfile.lock\" \"${PODS_ROOT}/Manifest.lock\" > /dev/null\nif [ $? != 0 ] ; then\n    # print error to STDERR\n    echo \"error: The sandbox is not in sync with the Podfile.lock. Run 'pod install' or update your CocoaPods installation.\" >&2\n    exit 1\nfi\n# This output is used by Xcode 'outputs' to avoid re-running this script phase.\necho \"SUCCESS\" > \"${SCRIPT_OUTPUT_FILE_0}\"\n";
			showEnvVarsInLog = 0;
		};
		DF96F53C744C901DFD458E39 /* [CP] Check Pods Manifest.lock */ = {
			isa = PBXShellScriptBuildPhase;
			buildActionMask = 2147483647;
			files = (
			);
			inputFileListPaths = (
			);
			inputPaths = (
				"${PODS_PODFILE_DIR_PATH}/Podfile.lock",
				"${PODS_ROOT}/Manifest.lock",
			);
			name = "[CP] Check Pods Manifest.lock";
			outputFileListPaths = (
			);
			outputPaths = (
				"$(DERIVED_FILE_DIR)/Pods-IGListKitDemoUITests-checkManifestLockResult.txt",
			);
			runOnlyForDeploymentPostprocessing = 0;
			shellPath = /bin/sh;
			shellScript = "diff \"${PODS_PODFILE_DIR_PATH}/Podfile.lock\" \"${PODS_ROOT}/Manifest.lock\" > /dev/null\nif [ $? != 0 ] ; then\n    # print error to STDERR\n    echo \"error: The sandbox is not in sync with the Podfile.lock. Run 'pod install' or update your CocoaPods installation.\" >&2\n    exit 1\nfi\n# This output is used by Xcode 'outputs' to avoid re-running this script phase.\necho \"SUCCESS\" > \"${SCRIPT_OUTPUT_FILE_0}\"\n";
			showEnvVarsInLog = 0;
		};
		E08571AD65601DBC112C9010 /* [CP] Check Pods Manifest.lock */ = {
			isa = PBXShellScriptBuildPhase;
			buildActionMask = 2147483647;
			files = (
			);
			inputFileListPaths = (
			);
			inputPaths = (
				"${PODS_PODFILE_DIR_PATH}/Podfile.lock",
				"${PODS_ROOT}/Manifest.lock",
			);
			name = "[CP] Check Pods Manifest.lock";
			outputFileListPaths = (
			);
			outputPaths = (
				"$(DERIVED_FILE_DIR)/Pods-IGListKitDemo-checkManifestLockResult.txt",
			);
			runOnlyForDeploymentPostprocessing = 0;
			shellPath = /bin/sh;
			shellScript = "diff \"${PODS_PODFILE_DIR_PATH}/Podfile.lock\" \"${PODS_ROOT}/Manifest.lock\" > /dev/null\nif [ $? != 0 ] ; then\n    # print error to STDERR\n    echo \"error: The sandbox is not in sync with the Podfile.lock. Run 'pod install' or update your CocoaPods installation.\" >&2\n    exit 1\nfi\n# This output is used by Xcode 'outputs' to avoid re-running this script phase.\necho \"SUCCESS\" > \"${SCRIPT_OUTPUT_FILE_0}\"\n";
			showEnvVarsInLog = 0;
		};
/* End PBXShellScriptBuildPhase section */

/* Begin PBXSourcesBuildPhase section */
		568884C52238B6DC009A5030 /* Sources */ = {
			isa = PBXSourcesBuildPhase;
			buildActionMask = 2147483647;
			files = (
				563DBCEF223FD03A006E4DE9 /* ActionableViewController.swift in Sources */,
				568885002238B875009A5030 /* UIView.swift in Sources */,
				5663D9CE2254B9ED00DAFBD1 /* BaseRegistrationFormSectionController.swift in Sources */,
				568884CF2238B6DC009A5030 /* ViewController.swift in Sources */,
				566AB0A72253A71F001027B0 /* EmbeddedCollectionViewCell.swift in Sources */,
				5688850B2238D5F4009A5030 /* LabelCell.swift in Sources */,
				568885032238D54F009A5030 /* LabelSectionController.swift in Sources */,
				566AB0B12253AD9B001027B0 /* SAContinueCell.swift in Sources */,
				56C0332622681D4500F6483B /* User.swift in Sources */,
				568885132238DA58009A5030 /* TitleValueCell.swift in Sources */,
				5663D9CC2254B94D00DAFBD1 /* RegistrationFormTextFieldSectionModel.swift in Sources */,
				566AB0AB2253AAF6001027B0 /* RegistrationFormContinueSectionModel.swift in Sources */,
				568885102238DA45009A5030 /* TitleValueSectionController.swift in Sources */,
				566AB09E2253A327001027B0 /* RegistrationFoamViewController.swift in Sources */,
				5688851C2238DC26009A5030 /* String.swift in Sources */,
				5688851A2238DAD2009A5030 /* ListSectionControler.swift in Sources */,
				566AB0B42253BDA9001027B0 /* SampleRegistrationFormViewModel.swift in Sources */,
				566AB0A32253A5BE001027B0 /* RegistrationFoamVerticalSectionController.swift in Sources */,
				566AB0A12253A389001027B0 /* BaseRegistrationFormViewModel.swift in Sources */,
				568884FE2238B837009A5030 /* ListAdapterOwner.swift in Sources */,
				568885172238DA7E009A5030 /* PairedTitleValueCell.swift in Sources */,
				566AB0A52253A604001027B0 /* RegistrationFoamSectionFactory.swift in Sources */,
				56E2CE0E2275FB0700142CE7 /* ActionLabelSectionController.swift in Sources */,
				563DBCF1223FF6E4006E4DE9 /* DemoItemSectionController.swift in Sources */,
				5688851E2238DCF7009A5030 /* PaddingLabel.swift in Sources */,
				568884CD2238B6DC009A5030 /* AppDelegate.swift in Sources */,
				56F0281E22703F9800137037 /* EmptyCell.swift in Sources */,
				568884FC2238B7DD009A5030 /* NSObject+ListDiffable.swift in Sources */,
				56088DBD2275FACC00F6C3E2 /* ActionCell.swift in Sources */,
				566AB0AE2253ACB1001027B0 /* ActionAble.swift in Sources */,
				5663D9C72254B75600DAFBD1 /* RegistrationFormTextFieldCell.swift in Sources */,
				563DBCF3223FFA58006E4DE9 /* DashboardViewController.swift in Sources */,
				566AB0A92253A8D3001027B0 /* BaseRegistrationFormSectionModel.swift in Sources */,
				56F0282022703FB800137037 /* EmptySectionController.swift in Sources */,
			);
			runOnlyForDeploymentPostprocessing = 0;
		};
		568884D92238B6DD009A5030 /* Sources */ = {
			isa = PBXSourcesBuildPhase;
			buildActionMask = 2147483647;
			files = (
				56C03329226827D200F6483B /* RegistrationFormTextFieldSectionModelTests.swift in Sources */,
				5688850E2238D97F009A5030 /* XCTestCase.swift in Sources */,
				568884E22238B6DD009A5030 /* IGListKitDemoTests.swift in Sources */,
				566AB0B62253BE84001027B0 /* ViewControllerPreviewerTests.swift in Sources */,
			);
			runOnlyForDeploymentPostprocessing = 0;
		};
		568884E42238B6DD009A5030 /* Sources */ = {
			isa = PBXSourcesBuildPhase;
			buildActionMask = 2147483647;
			files = (
				568884ED2238B6DD009A5030 /* IGListKitDemoUITests.swift in Sources */,
			);
			runOnlyForDeploymentPostprocessing = 0;
		};
/* End PBXSourcesBuildPhase section */

/* Begin PBXTargetDependency section */
		568884DF2238B6DD009A5030 /* PBXTargetDependency */ = {
			isa = PBXTargetDependency;
			target = 568884C82238B6DC009A5030 /* IGListKitDemo */;
			targetProxy = 568884DE2238B6DD009A5030 /* PBXContainerItemProxy */;
		};
		568884EA2238B6DD009A5030 /* PBXTargetDependency */ = {
			isa = PBXTargetDependency;
			target = 568884C82238B6DC009A5030 /* IGListKitDemo */;
			targetProxy = 568884E92238B6DD009A5030 /* PBXContainerItemProxy */;
		};
/* End PBXTargetDependency section */

/* Begin PBXVariantGroup section */
		568884D02238B6DC009A5030 /* Main.storyboard */ = {
			isa = PBXVariantGroup;
			children = (
				568884D12238B6DC009A5030 /* Base */,
			);
			name = Main.storyboard;
			sourceTree = "<group>";
		};
		568884D52238B6DD009A5030 /* LaunchScreen.storyboard */ = {
			isa = PBXVariantGroup;
			children = (
				568884D62238B6DD009A5030 /* Base */,
			);
			name = LaunchScreen.storyboard;
			sourceTree = "<group>";
		};
/* End PBXVariantGroup section */

/* Begin XCBuildConfiguration section */
		568884EF2238B6DD009A5030 /* Debug */ = {
			isa = XCBuildConfiguration;
			buildSettings = {
				ALWAYS_SEARCH_USER_PATHS = NO;
				CLANG_ANALYZER_NONNULL = YES;
				CLANG_ANALYZER_NUMBER_OBJECT_CONVERSION = YES_AGGRESSIVE;
				CLANG_CXX_LANGUAGE_STANDARD = "gnu++14";
				CLANG_CXX_LIBRARY = "libc++";
				CLANG_ENABLE_MODULES = YES;
				CLANG_ENABLE_OBJC_ARC = YES;
				CLANG_ENABLE_OBJC_WEAK = YES;
				CLANG_WARN_BLOCK_CAPTURE_AUTORELEASING = YES;
				CLANG_WARN_BOOL_CONVERSION = YES;
				CLANG_WARN_COMMA = YES;
				CLANG_WARN_CONSTANT_CONVERSION = YES;
				CLANG_WARN_DEPRECATED_OBJC_IMPLEMENTATIONS = YES;
				CLANG_WARN_DIRECT_OBJC_ISA_USAGE = YES_ERROR;
				CLANG_WARN_DOCUMENTATION_COMMENTS = YES;
				CLANG_WARN_EMPTY_BODY = YES;
				CLANG_WARN_ENUM_CONVERSION = YES;
				CLANG_WARN_INFINITE_RECURSION = YES;
				CLANG_WARN_INT_CONVERSION = YES;
				CLANG_WARN_NON_LITERAL_NULL_CONVERSION = YES;
				CLANG_WARN_OBJC_IMPLICIT_RETAIN_SELF = YES;
				CLANG_WARN_OBJC_LITERAL_CONVERSION = YES;
				CLANG_WARN_OBJC_ROOT_CLASS = YES_ERROR;
				CLANG_WARN_RANGE_LOOP_ANALYSIS = YES;
				CLANG_WARN_STRICT_PROTOTYPES = YES;
				CLANG_WARN_SUSPICIOUS_MOVE = YES;
				CLANG_WARN_UNGUARDED_AVAILABILITY = YES_AGGRESSIVE;
				CLANG_WARN_UNREACHABLE_CODE = YES;
				CLANG_WARN__DUPLICATE_METHOD_MATCH = YES;
				CODE_SIGN_IDENTITY = "iPhone Developer";
				COPY_PHASE_STRIP = NO;
				DEBUG_INFORMATION_FORMAT = dwarf;
				ENABLE_STRICT_OBJC_MSGSEND = YES;
				ENABLE_TESTABILITY = YES;
				GCC_C_LANGUAGE_STANDARD = gnu11;
				GCC_DYNAMIC_NO_PIC = NO;
				GCC_NO_COMMON_BLOCKS = YES;
				GCC_OPTIMIZATION_LEVEL = 0;
				GCC_PREPROCESSOR_DEFINITIONS = (
					"DEBUG=1",
					"$(inherited)",
				);
				GCC_WARN_64_TO_32_BIT_CONVERSION = YES;
				GCC_WARN_ABOUT_RETURN_TYPE = YES_ERROR;
				GCC_WARN_UNDECLARED_SELECTOR = YES;
				GCC_WARN_UNINITIALIZED_AUTOS = YES_AGGRESSIVE;
				GCC_WARN_UNUSED_FUNCTION = YES;
				GCC_WARN_UNUSED_VARIABLE = YES;
				IPHONEOS_DEPLOYMENT_TARGET = 12.1;
				MTL_ENABLE_DEBUG_INFO = INCLUDE_SOURCE;
				MTL_FAST_MATH = YES;
				ONLY_ACTIVE_ARCH = YES;
				SDKROOT = iphoneos;
				SWIFT_ACTIVE_COMPILATION_CONDITIONS = DEBUG;
				SWIFT_OPTIMIZATION_LEVEL = "-Onone";
			};
			name = Debug;
		};
		568884F02238B6DD009A5030 /* Release */ = {
			isa = XCBuildConfiguration;
			buildSettings = {
				ALWAYS_SEARCH_USER_PATHS = NO;
				CLANG_ANALYZER_NONNULL = YES;
				CLANG_ANALYZER_NUMBER_OBJECT_CONVERSION = YES_AGGRESSIVE;
				CLANG_CXX_LANGUAGE_STANDARD = "gnu++14";
				CLANG_CXX_LIBRARY = "libc++";
				CLANG_ENABLE_MODULES = YES;
				CLANG_ENABLE_OBJC_ARC = YES;
				CLANG_ENABLE_OBJC_WEAK = YES;
				CLANG_WARN_BLOCK_CAPTURE_AUTORELEASING = YES;
				CLANG_WARN_BOOL_CONVERSION = YES;
				CLANG_WARN_COMMA = YES;
				CLANG_WARN_CONSTANT_CONVERSION = YES;
				CLANG_WARN_DEPRECATED_OBJC_IMPLEMENTATIONS = YES;
				CLANG_WARN_DIRECT_OBJC_ISA_USAGE = YES_ERROR;
				CLANG_WARN_DOCUMENTATION_COMMENTS = YES;
				CLANG_WARN_EMPTY_BODY = YES;
				CLANG_WARN_ENUM_CONVERSION = YES;
				CLANG_WARN_INFINITE_RECURSION = YES;
				CLANG_WARN_INT_CONVERSION = YES;
				CLANG_WARN_NON_LITERAL_NULL_CONVERSION = YES;
				CLANG_WARN_OBJC_IMPLICIT_RETAIN_SELF = YES;
				CLANG_WARN_OBJC_LITERAL_CONVERSION = YES;
				CLANG_WARN_OBJC_ROOT_CLASS = YES_ERROR;
				CLANG_WARN_RANGE_LOOP_ANALYSIS = YES;
				CLANG_WARN_STRICT_PROTOTYPES = YES;
				CLANG_WARN_SUSPICIOUS_MOVE = YES;
				CLANG_WARN_UNGUARDED_AVAILABILITY = YES_AGGRESSIVE;
				CLANG_WARN_UNREACHABLE_CODE = YES;
				CLANG_WARN__DUPLICATE_METHOD_MATCH = YES;
				CODE_SIGN_IDENTITY = "iPhone Developer";
				COPY_PHASE_STRIP = NO;
				DEBUG_INFORMATION_FORMAT = "dwarf-with-dsym";
				ENABLE_NS_ASSERTIONS = NO;
				ENABLE_STRICT_OBJC_MSGSEND = YES;
				GCC_C_LANGUAGE_STANDARD = gnu11;
				GCC_NO_COMMON_BLOCKS = YES;
				GCC_WARN_64_TO_32_BIT_CONVERSION = YES;
				GCC_WARN_ABOUT_RETURN_TYPE = YES_ERROR;
				GCC_WARN_UNDECLARED_SELECTOR = YES;
				GCC_WARN_UNINITIALIZED_AUTOS = YES_AGGRESSIVE;
				GCC_WARN_UNUSED_FUNCTION = YES;
				GCC_WARN_UNUSED_VARIABLE = YES;
				IPHONEOS_DEPLOYMENT_TARGET = 12.1;
				MTL_ENABLE_DEBUG_INFO = NO;
				MTL_FAST_MATH = YES;
				SDKROOT = iphoneos;
				SWIFT_COMPILATION_MODE = wholemodule;
				SWIFT_OPTIMIZATION_LEVEL = "-O";
				VALIDATE_PRODUCT = YES;
			};
			name = Release;
		};
		568884F22238B6DD009A5030 /* Debug */ = {
			isa = XCBuildConfiguration;
			baseConfigurationReference = 38DC60ECA0D3DB324733C06D /* Pods-IGListKitDemo.debug.xcconfig */;
			buildSettings = {
				ASSETCATALOG_COMPILER_APPICON_NAME = AppIcon;
				CODE_SIGN_IDENTITY = "iPhone Developer";
				CODE_SIGN_STYLE = Automatic;
				DEVELOPMENT_TEAM = TZ7NJE8YE2;
				INFOPLIST_FILE = IGListKitDemo/Info.plist;
				LD_RUNPATH_SEARCH_PATHS = (
					"$(inherited)",
					"@executable_path/Frameworks",
				);
				PRODUCT_BUNDLE_IDENTIFIER = com.StevenLee.MeetupDemo.IGListKitDemo;
				PRODUCT_NAME = "$(TARGET_NAME)";
				PROVISIONING_PROFILE_SPECIFIER = "";
				SWIFT_VERSION = 5.0;
				TARGETED_DEVICE_FAMILY = "1,2";
			};
			name = Debug;
		};
		568884F32238B6DD009A5030 /* Release */ = {
			isa = XCBuildConfiguration;
			baseConfigurationReference = 378F25D2F853EA0AC337903F /* Pods-IGListKitDemo.release.xcconfig */;
			buildSettings = {
				ASSETCATALOG_COMPILER_APPICON_NAME = AppIcon;
				CODE_SIGN_IDENTITY = "iPhone Developer";
				CODE_SIGN_STYLE = Automatic;
				DEVELOPMENT_TEAM = TZ7NJE8YE2;
				INFOPLIST_FILE = IGListKitDemo/Info.plist;
				LD_RUNPATH_SEARCH_PATHS = (
					"$(inherited)",
					"@executable_path/Frameworks",
				);
				PRODUCT_BUNDLE_IDENTIFIER = com.StevenLee.MeetupDemo.IGListKitDemo;
				PRODUCT_NAME = "$(TARGET_NAME)";
				PROVISIONING_PROFILE_SPECIFIER = "";
				SWIFT_VERSION = 5.0;
				TARGETED_DEVICE_FAMILY = "1,2";
			};
			name = Release;
		};
		568884F52238B6DD009A5030 /* Debug */ = {
			isa = XCBuildConfiguration;
			baseConfigurationReference = 5B4E1FDBF8EAF75668050561 /* Pods-IGListKitDemoTests.debug.xcconfig */;
			buildSettings = {
				ALWAYS_EMBED_SWIFT_STANDARD_LIBRARIES = YES;
				BUNDLE_LOADER = "$(TEST_HOST)";
				CODE_SIGN_STYLE = Automatic;
				DEVELOPMENT_TEAM = TZ7NJE8YE2;
				INFOPLIST_FILE = IGListKitDemoTests/Info.plist;
				LD_RUNPATH_SEARCH_PATHS = (
					"$(inherited)",
					"@executable_path/Frameworks",
					"@loader_path/Frameworks",
				);
				PRODUCT_BUNDLE_IDENTIFIER = com.StevenLee.MeetupDemo.IGListKitDemoTests;
				PRODUCT_NAME = "$(TARGET_NAME)";
				SWIFT_VERSION = 5.0;
				TARGETED_DEVICE_FAMILY = "1,2";
				TEST_HOST = "$(BUILT_PRODUCTS_DIR)/IGListKitDemo.app/IGListKitDemo";
			};
			name = Debug;
		};
		568884F62238B6DD009A5030 /* Release */ = {
			isa = XCBuildConfiguration;
			baseConfigurationReference = 681793764E63C1A049751CC8 /* Pods-IGListKitDemoTests.release.xcconfig */;
			buildSettings = {
				ALWAYS_EMBED_SWIFT_STANDARD_LIBRARIES = YES;
				BUNDLE_LOADER = "$(TEST_HOST)";
				CODE_SIGN_STYLE = Automatic;
				DEVELOPMENT_TEAM = TZ7NJE8YE2;
				INFOPLIST_FILE = IGListKitDemoTests/Info.plist;
				LD_RUNPATH_SEARCH_PATHS = (
					"$(inherited)",
					"@executable_path/Frameworks",
					"@loader_path/Frameworks",
				);
				PRODUCT_BUNDLE_IDENTIFIER = com.StevenLee.MeetupDemo.IGListKitDemoTests;
				PRODUCT_NAME = "$(TARGET_NAME)";
				SWIFT_VERSION = 5.0;
				TARGETED_DEVICE_FAMILY = "1,2";
				TEST_HOST = "$(BUILT_PRODUCTS_DIR)/IGListKitDemo.app/IGListKitDemo";
			};
			name = Release;
		};
		568884F82238B6DD009A5030 /* Debug */ = {
			isa = XCBuildConfiguration;
			baseConfigurationReference = 6DF72A7EA48C9B5A967B4D27 /* Pods-IGListKitDemoUITests.debug.xcconfig */;
			buildSettings = {
				ALWAYS_EMBED_SWIFT_STANDARD_LIBRARIES = YES;
				CODE_SIGN_STYLE = Automatic;
				DEVELOPMENT_TEAM = TZ7NJE8YE2;
				INFOPLIST_FILE = IGListKitDemoUITests/Info.plist;
				LD_RUNPATH_SEARCH_PATHS = (
					"$(inherited)",
					"@executable_path/Frameworks",
					"@loader_path/Frameworks",
				);
				PRODUCT_BUNDLE_IDENTIFIER = com.StevenLee.MeetupDemo.IGListKitDemoUITests;
				PRODUCT_NAME = "$(TARGET_NAME)";
				SWIFT_VERSION = 5.0;
				TARGETED_DEVICE_FAMILY = "1,2";
				TEST_TARGET_NAME = IGListKitDemo;
			};
			name = Debug;
		};
		568884F92238B6DD009A5030 /* Release */ = {
			isa = XCBuildConfiguration;
			baseConfigurationReference = 016EF33FA79D64737938C75D /* Pods-IGListKitDemoUITests.release.xcconfig */;
			buildSettings = {
				ALWAYS_EMBED_SWIFT_STANDARD_LIBRARIES = YES;
				CODE_SIGN_STYLE = Automatic;
				DEVELOPMENT_TEAM = TZ7NJE8YE2;
				INFOPLIST_FILE = IGListKitDemoUITests/Info.plist;
				LD_RUNPATH_SEARCH_PATHS = (
					"$(inherited)",
					"@executable_path/Frameworks",
					"@loader_path/Frameworks",
				);
				PRODUCT_BUNDLE_IDENTIFIER = com.StevenLee.MeetupDemo.IGListKitDemoUITests;
				PRODUCT_NAME = "$(TARGET_NAME)";
				SWIFT_VERSION = 5.0;
				TARGETED_DEVICE_FAMILY = "1,2";
				TEST_TARGET_NAME = IGListKitDemo;
			};
			name = Release;
		};
/* End XCBuildConfiguration section */

/* Begin XCConfigurationList section */
		568884C42238B6DC009A5030 /* Build configuration list for PBXProject "IGListKitDemo" */ = {
			isa = XCConfigurationList;
			buildConfigurations = (
				568884EF2238B6DD009A5030 /* Debug */,
				568884F02238B6DD009A5030 /* Release */,
			);
			defaultConfigurationIsVisible = 0;
			defaultConfigurationName = Release;
		};
		568884F12238B6DD009A5030 /* Build configuration list for PBXNativeTarget "IGListKitDemo" */ = {
			isa = XCConfigurationList;
			buildConfigurations = (
				568884F22238B6DD009A5030 /* Debug */,
				568884F32238B6DD009A5030 /* Release */,
			);
			defaultConfigurationIsVisible = 0;
			defaultConfigurationName = Release;
		};
		568884F42238B6DD009A5030 /* Build configuration list for PBXNativeTarget "IGListKitDemoTests" */ = {
			isa = XCConfigurationList;
			buildConfigurations = (
				568884F52238B6DD009A5030 /* Debug */,
				568884F62238B6DD009A5030 /* Release */,
			);
			defaultConfigurationIsVisible = 0;
			defaultConfigurationName = Release;
		};
		568884F72238B6DD009A5030 /* Build configuration list for PBXNativeTarget "IGListKitDemoUITests" */ = {
			isa = XCConfigurationList;
			buildConfigurations = (
				568884F82238B6DD009A5030 /* Debug */,
				568884F92238B6DD009A5030 /* Release */,
			);
			defaultConfigurationIsVisible = 0;
			defaultConfigurationName = Release;
		};
/* End XCConfigurationList section */
	};
	rootObject = 568884C12238B6DC009A5030 /* Project object */;
}
